
Microsoft Visual Studio Solution File, Format Version 12.00
# Visual Studio Version 17
VisualStudioVersion = 17.5.33530.505
MinimumVisualStudioVersion = 10.0.40219.1
Project("{FAE04EC0-301F-11D3-BF4B-00C04F79EFBC}") = "Rawy", "Rawy\Rawy.csproj", "{B7E61830-58C6-4414-A939-1211001F6B13}"
EndProject
Project("{FAE04EC0-301F-11D3-BF4B-00C04F79EFBC}") = "Repsotiry", "Repsotiry\Repsotiry.csproj", "{3B789FA6-E76F-4147-B7E3-1AAD0F045DC7}"
EndProject
Project("{FAE04EC0-301F-11D3-BF4B-00C04F79EFBC}") = "core", "core\core.csproj", "{F7E9C20E-4779-485A-BDD1-472D9E06E8B1}"
EndProject
Project("{FAE04EC0-301F-11D3-BF4B-00C04F79EFBC}") = "Presention", "Presention\Presention.csproj", "{EE0346E7-87D4-466E-A59C-5B10F507AAD0}"
EndProject
Global
	GlobalSection(SolutionConfigurationPlatforms) = preSolution
		Debug|Any CPU = Debug|Any CPU
		Release|Any CPU = Release|Any CPU
	EndGlobalSection
	GlobalSection(ProjectConfigurationPlatforms) = postSolution
		{B7E61830-58C6-4414-A939-1211001F6B13}.Debug|Any CPU.ActiveCfg = Debug|Any CPU
		{B7E61830-58C6-4414-A939-1211001F6B13}.Debug|Any CPU.Build.0 = Debug|Any CPU
		{B7E61830-58C6-4414-A939-1211001F6B13}.Release|Any CPU.ActiveCfg = Release|Any CPU
		{B7E61830-58C6-4414-A939-1211001F6B13}.Release|Any CPU.Build.0 = Release|Any CPU
		{3B789FA6-E76F-4147-B7E3-1AAD0F045DC7}.Debug|Any CPU.ActiveCfg = Debug|Any CPU
		{3B789FA6-E76F-4147-B7E3-1AAD0F045DC7}.Debug|Any CPU.Build.0 = Debug|Any CPU
		{3B789FA6-E76F-4147-B7E3-1AAD0F045DC7}.Release|Any CPU.ActiveCfg = Release|Any CPU
		{3B789FA6-E76F-4147-B7E3-1AAD0F045DC7}.Release|Any CPU.Build.0 = Release|Any CPU
		{F7E9C20E-4779-485A-BDD1-472D9E06E8B1}.Debug|Any CPU.ActiveCfg = Debug|Any CPU
		{F7E9C20E-4779-485A-BDD1-472D9E06E8B1}.Debug|Any CPU.Build.0 = Debug|Any CPU
		{F7E9C20E-4779-485A-BDD1-472D9E06E8B1}.Release|Any CPU.ActiveCfg = Release|Any CPU
		{F7E9C20E-4779-485A-BDD1-472D9E06E8B1}.Release|Any CPU.Build.0 = Release|Any CPU
		{EE0346E7-87D4-466E-A59C-5B10F507AAD0}.Debug|Any CPU.ActiveCfg = Debug|Any CPU
		{EE0346E7-87D4-466E-A59C-5B10F507AAD0}.Debug|Any CPU.Build.0 = Debug|Any CPU
		{EE0346E7-87D4-466E-A59C-5B10F507AAD0}.Release|Any CPU.ActiveCfg = Release|Any CPU
		{EE0346E7-87D4-466E-A59C-5B10F507AAD0}.Release|Any CPU.Build.0 = Release|Any CPU
	EndGlobalSection
	GlobalSection(SolutionProperties) = preSolution
		HideSolutionNode = FALSE
	EndGlobalSection
	GlobalSection(ExtensibilityGlobals) = postSolution
		SolutionGuid = {0EEDD44A-3BFE-4890-B20F-0AB7DFB0BAF2}
	EndGlobalSection
EndGlobal
